
Microsoft Visual Studio Solution File, Format Version 12.00
# Visual Studio Version 16
VisualStudioVersion = 16.0.29424.173
MinimumVisualStudioVersion = 10.0.40219.1
Project("{FAE04EC0-301F-11D3-BF4B-00C04F79EFBC}") = "StudentExercisesWebApp", "StudentExercisesWebApp\StudentExercisesWebApp.csproj", "{BC3BB4F0-177C-42A1-B4BD-9A4DEEB3E662}"
EndProject
Global
	GlobalSection(SolutionConfigurationPlatforms) = preSolution
		Debug|Any CPU = Debug|Any CPU
		Release|Any CPU = Release|Any CPU
	EndGlobalSection
	GlobalSection(ProjectConfigurationPlatforms) = postSolution
		{BC3BB4F0-177C-42A1-B4BD-9A4DEEB3E662}.Debug|Any CPU.ActiveCfg = Debug|Any CPU
		{BC3BB4F0-177C-42A1-B4BD-9A4DEEB3E662}.Debug|Any CPU.Build.0 = Debug|Any CPU
		{BC3BB4F0-177C-42A1-B4BD-9A4DEEB3E662}.Release|Any CPU.ActiveCfg = Release|Any CPU
		{BC3BB4F0-177C-42A1-B4BD-9A4DEEB3E662}.Release|Any CPU.Build.0 = Release|Any CPU
	EndGlobalSection
	GlobalSection(SolutionProperties) = preSolution
		HideSolutionNode = FALSE
	EndGlobalSection
	GlobalSection(ExtensibilityGlobals) = postSolution
		SolutionGuid = {8451E59D-C6FA-49DE-AC51-6C6C0F37CB72}
	EndGlobalSection
EndGlobal
